
Microsoft Visual Studio Solution File, Format Version 12.00
# Visual Studio Version 16
VisualStudioVersion = 16.0.30523.141
MinimumVisualStudioVersion = 10.0.40219.1
Project("{8BC9CEB8-8B4A-11D0-8D11-00A0C91BC942}") = "TERM 2 PROJECT", "TERM 2 PROJECT.vcxproj", "{E01D89BD-0E76-4FF9-8C86-DA67CDBFF614}"
EndProject
Global
	GlobalSection(SolutionConfigurationPlatforms) = preSolution
		Debug|x64 = Debug|x64
		Debug|x86 = Debug|x86
		Release|x64 = Release|x64
		Release|x86 = Release|x86
	EndGlobalSection
	GlobalSection(ProjectConfigurationPlatforms) = postSolution
		{E01D89BD-0E76-4FF9-8C86-DA67CDBFF614}.Debug|x64.ActiveCfg = Debug|x64
		{E01D89BD-0E76-4FF9-8C86-DA67CDBFF614}.Debug|x64.Build.0 = Debug|x64
		{E01D89BD-0E76-4FF9-8C86-DA67CDBFF614}.Debug|x86.ActiveCfg = Debug|Win32
		{E01D89BD-0E76-4FF9-8C86-DA67CDBFF614}.Debug|x86.Build.0 = Debug|Win32
		{E01D89BD-0E76-4FF9-8C86-DA67CDBFF614}.Release|x64.ActiveCfg = Release|x64
		{E01D89BD-0E76-4FF9-8C86-DA67CDBFF614}.Release|x64.Build.0 = Release|x64
		{E01D89BD-0E76-4FF9-8C86-DA67CDBFF614}.Release|x86.ActiveCfg = Release|Win32
		{E01D89BD-0E76-4FF9-8C86-DA67CDBFF614}.Release|x86.Build.0 = Release|Win32
	EndGlobalSection
	GlobalSection(SolutionProperties) = preSolution
		HideSolutionNode = FALSE
	EndGlobalSection
	GlobalSection(ExtensibilityGlobals) = postSolution
		SolutionGuid = {2A922AEB-DE02-4D8C-9751-24514A4CD2CD}
	EndGlobalSection
EndGlobal
